
Microsoft Visual Studio Solution File, Format Version 12.00
# Visual Studio 15
VisualStudioVersion = 15.0.28307.645
MinimumVisualStudioVersion = 10.0.40219.1
Project("{FAE04EC0-301F-11D3-BF4B-00C04F79EFBC}") = "JDemo1", "JDemo1\JDemo1.csproj", "{A50009BF-F787-4D9D-B272-8BA3A7402066}"
EndProject
Global
	GlobalSection(SolutionConfigurationPlatforms) = preSolution
		Debug|Any CPU = Debug|Any CPU
		Release|Any CPU = Release|Any CPU
	EndGlobalSection
	GlobalSection(ProjectConfigurationPlatforms) = postSolution
		{A50009BF-F787-4D9D-B272-8BA3A7402066}.Debug|Any CPU.ActiveCfg = Debug|Any CPU
		{A50009BF-F787-4D9D-B272-8BA3A7402066}.Debug|Any CPU.Build.0 = Debug|Any CPU
		{A50009BF-F787-4D9D-B272-8BA3A7402066}.Release|Any CPU.ActiveCfg = Release|Any CPU
		{A50009BF-F787-4D9D-B272-8BA3A7402066}.Release|Any CPU.Build.0 = Release|Any CPU
	EndGlobalSection
	GlobalSection(SolutionProperties) = preSolution
		HideSolutionNode = FALSE
	EndGlobalSection
	GlobalSection(ExtensibilityGlobals) = postSolution
		SolutionGuid = {D3DE70E0-7E9D-4963-97E7-420B21A99B13}
	EndGlobalSection
EndGlobal
